// !$*UTF8*$!
{
	archiveVersion = 1;
	classes = {
	};
	objectVersion = 46;
	objects = {

/* Begin PBXBuildFile section */
		2256DB6C1F2AD5C80076C487 /* main.m in Sources */ = {isa = PBXBuildFile; fileRef = 2256DB6B1F2AD5C80076C487 /* main.m */; };
		2256DB6F1F2AD5C80076C487 /* AppDelegate.m in Sources */ = {isa = PBXBuildFile; fileRef = 2256DB6E1F2AD5C80076C487 /* AppDelegate.m */; };
		2256DB721F2AD5C80076C487 /* ViewController.m in Sources */ = {isa = PBXBuildFile; fileRef = 2256DB711F2AD5C80076C487 /* ViewController.m */; };
		2256DB751F2AD5C80076C487 /* Main.storyboard in Resources */ = {isa = PBXBuildFile; fileRef = 2256DB731F2AD5C80076C487 /* Main.storyboard */; };
		2256DB771F2AD5C80076C487 /* Assets.xcassets in Resources */ = {isa = PBXBuildFile; fileRef = 2256DB761F2AD5C80076C487 /* Assets.xcassets */; };
		2256DB7A1F2AD5C80076C487 /* LaunchScreen.storyboard in Resources */ = {isa = PBXBuildFile; fileRef = 2256DB781F2AD5C80076C487 /* LaunchScreen.storyboard */; };
		2256DB831F2AD6580076C487 /* MainViewController.m in Sources */ = {isa = PBXBuildFile; fileRef = 2256DB821F2AD6580076C487 /* MainViewController.m */; };
		2256DB891F2AD6B70076C487 /* UncaughtExceptionHandler.m in Sources */ = {isa = PBXBuildFile; fileRef = 2256DB881F2AD6B70076C487 /* UncaughtExceptionHandler.m */; };
		2256DB8C1F2AD9A90076C487 /* loginJson.json in Resources */ = {isa = PBXBuildFile; fileRef = 2256DB8B1F2AD9A90076C487 /* loginJson.json */; };
		2256DB8F1F2B110C0076C487 /* NSDictionary+Exception.m in Sources */ = {isa = PBXBuildFile; fileRef = 2256DB8E1F2B110C0076C487 /* NSDictionary+Exception.m */; };
		2256DB921F2B11160076C487 /* NSArray+Exception.m in Sources */ = {isa = PBXBuildFile; fileRef = 2256DB911F2B11160076C487 /* NSArray+Exception.m */; };
		2256DB981F2B12F40076C487 /* NSArray+CrashHelper.m in Sources */ = {isa = PBXBuildFile; fileRef = 2256DB971F2B12F40076C487 /* NSArray+CrashHelper.m */; };
/* End PBXBuildFile section */

/* Begin PBXFileReference section */
		2256DB671F2AD5C80076C487 /* CrashRun.app */ = {isa = PBXFileReference; explicitFileType = wrapper.application; includeInIndex = 0; path = CrashRun.app; sourceTree = BUILT_PRODUCTS_DIR; };
		2256DB6B1F2AD5C80076C487 /* main.m */ = {isa = PBXFileReference; lastKnownFileType = sourcecode.c.objc; path = main.m; sourceTree = "<group>"; };
		2256DB6D1F2AD5C80076C487 /* AppDelegate.h */ = {isa = PBXFileReference; lastKnownFileType = sourcecode.c.h; path = AppDelegate.h; sourceTree = "<group>"; };
		2256DB6E1F2AD5C80076C487 /* AppDelegate.m */ = {isa = PBXFileReference; lastKnownFileType = sourcecode.c.objc; path = AppDelegate.m; sourceTree = "<group>"; };
		2256DB701F2AD5C80076C487 /* ViewController.h */ = {isa = PBXFileReference; lastKnownFileType = sourcecode.c.h; path = ViewController.h; sourceTree = "<group>"; };
		2256DB711F2AD5C80076C487 /* ViewController.m */ = {isa = PBXFileReference; lastKnownFileType = sourcecode.c.objc; path = ViewController.m; sourceTree = "<group>"; };
		2256DB741F2AD5C80076C487 /* Base */ = {isa = PBXFileReference; lastKnownFileType = file.storyboard; name = Base; path = Base.lproj/Main.storyboard; sourceTree = "<group>"; };
		2256DB761F2AD5C80076C487 /* Assets.xcassets */ = {isa = PBXFileReference; lastKnownFileType = folder.assetcatalog; path = Assets.xcassets; sourceTree = "<group>"; };
		2256DB791F2AD5C80076C487 /* Base */ = {isa = PBXFileReference; lastKnownFileType = file.storyboard; name = Base; path = Base.lproj/LaunchScreen.storyboard; sourceTree = "<group>"; };
		2256DB7B1F2AD5C80076C487 /* Info.plist */ = {isa = PBXFileReference; lastKnownFileType = text.plist.xml; path = Info.plist; sourceTree = "<group>"; };
		2256DB811F2AD6580076C487 /* MainViewController.h */ = {isa = PBXFileReference; fileEncoding = 4; lastKnownFileType = sourcecode.c.h; path = MainViewController.h; sourceTree = "<group>"; };
		2256DB821F2AD6580076C487 /* MainViewController.m */ = {isa = PBXFileReference; fileEncoding = 4; lastKnownFileType = sourcecode.c.objc; path = MainViewController.m; sourceTree = "<group>"; };
		2256DB871F2AD6B70076C487 /* UncaughtExceptionHandler.h */ = {isa = PBXFileReference; fileEncoding = 4; lastKnownFileType = sourcecode.c.h; path = UncaughtExceptionHandler.h; sourceTree = "<group>"; };
		2256DB881F2AD6B70076C487 /* UncaughtExceptionHandler.m */ = {isa = PBXFileReference; fileEncoding = 4; lastKnownFileType = sourcecode.c.objc; path = UncaughtExceptionHandler.m; sourceTree = "<group>"; };
		2256DB8B1F2AD9A90076C487 /* loginJson.json */ = {isa = PBXFileReference; fileEncoding = 4; lastKnownFileType = text.json; path = loginJson.json; sourceTree = "<group>"; };
		2256DB8D1F2B110C0076C487 /* NSDictionary+Exception.h */ = {isa = PBXFileReference; fileEncoding = 4; lastKnownFileType = sourcecode.c.h; path = "NSDictionary+Exception.h"; sourceTree = "<group>"; };
		2256DB8E1F2B110C0076C487 /* NSDictionary+Exception.m */ = {isa = PBXFileReference; fileEncoding = 4; lastKnownFileType = sourcecode.c.objc; path = "NSDictionary+Exception.m"; sourceTree = "<group>"; };
		2256DB901F2B11160076C487 /* NSArray+Exception.h */ = {isa = PBXFileReference; fileEncoding = 4; lastKnownFileType = sourcecode.c.h; path = "NSArray+Exception.h"; sourceTree = "<group>"; };
		2256DB911F2B11160076C487 /* NSArray+Exception.m */ = {isa = PBXFileReference; fileEncoding = 4; lastKnownFileType = sourcecode.c.objc; path = "NSArray+Exception.m"; sourceTree = "<group>"; };
		2256DB961F2B12F40076C487 /* NSArray+CrashHelper.h */ = {isa = PBXFileReference; fileEncoding = 4; lastKnownFileType = sourcecode.c.h; path = "NSArray+CrashHelper.h"; sourceTree = "<group>"; };
		2256DB971F2B12F40076C487 /* NSArray+CrashHelper.m */ = {isa = PBXFileReference; fileEncoding = 4; lastKnownFileType = sourcecode.c.objc; path = "NSArray+CrashHelper.m"; sourceTree = "<group>"; };
/* End PBXFileReference section */

/* Begin PBXFrameworksBuildPhase section */
		2256DB641F2AD5C80076C487 /* Frameworks */ = {
			isa = PBXFrameworksBuildPhase;
			buildActionMask = 2147483647;
			files = (
			);
			runOnlyForDeploymentPostprocessing = 0;
		};
/* End PBXFrameworksBuildPhase section */

/* Begin PBXGroup section */
		2256DB5E1F2AD5C80076C487 = {
			isa = PBXGroup;
			children = (
				2256DB691F2AD5C80076C487 /* CrashRun */,
				2256DB681F2AD5C80076C487 /* Products */,
			);
			sourceTree = "<group>";
		};
		2256DB681F2AD5C80076C487 /* Products */ = {
			isa = PBXGroup;
			children = (
				2256DB671F2AD5C80076C487 /* CrashRun.app */,
			);
			name = Products;
			sourceTree = "<group>";
		};
		2256DB691F2AD5C80076C487 /* CrashRun */ = {
			isa = PBXGroup;
			children = (
				2256DB8A1F2AD9280076C487 /* DataJson */,
				2256DB861F2AD68E0076C487 /* CrashRun */,
				2256DB851F2AD6650076C487 /* Main */,
				2256DB841F2AD65B0076C487 /* Basic */,
				2256DB761F2AD5C80076C487 /* Assets.xcassets */,
				2256DB781F2AD5C80076C487 /* LaunchScreen.storyboard */,
				2256DB7B1F2AD5C80076C487 /* Info.plist */,
				2256DB6A1F2AD5C80076C487 /* Supporting Files */,
			);
			path = CrashRun;
			sourceTree = "<group>";
		};
		2256DB6A1F2AD5C80076C487 /* Supporting Files */ = {
			isa = PBXGroup;
			children = (
				2256DB6B1F2AD5C80076C487 /* main.m */,
			);
			name = "Supporting Files";
			sourceTree = "<group>";
		};
		2256DB841F2AD65B0076C487 /* Basic */ = {
			isa = PBXGroup;
			children = (
				2256DB6D1F2AD5C80076C487 /* AppDelegate.h */,
				2256DB6E1F2AD5C80076C487 /* AppDelegate.m */,
				2256DB701F2AD5C80076C487 /* ViewController.h */,
				2256DB711F2AD5C80076C487 /* ViewController.m */,
				2256DB731F2AD5C80076C487 /* Main.storyboard */,
			);
			name = Basic;
			sourceTree = "<group>";
		};
		2256DB851F2AD6650076C487 /* Main */ = {
			isa = PBXGroup;
			children = (
				2256DB811F2AD6580076C487 /* MainViewController.h */,
				2256DB821F2AD6580076C487 /* MainViewController.m */,
			);
			name = Main;
			sourceTree = "<group>";
		};
		2256DB861F2AD68E0076C487 /* CrashRun */ = {
			isa = PBXGroup;
			children = (
				2256DB901F2B11160076C487 /* NSArray+Exception.h */,
				2256DB911F2B11160076C487 /* NSArray+Exception.m */,
				2256DB8D1F2B110C0076C487 /* NSDictionary+Exception.h */,
				2256DB8E1F2B110C0076C487 /* NSDictionary+Exception.m */,
				2256DB871F2AD6B70076C487 /* UncaughtExceptionHandler.h */,
				2256DB881F2AD6B70076C487 /* UncaughtExceptionHandler.m */,
				2256DB961F2B12F40076C487 /* NSArray+CrashHelper.h */,
				2256DB971F2B12F40076C487 /* NSArray+CrashHelper.m */,
			);
			name = CrashRun;
			sourceTree = "<group>";
		};
		2256DB8A1F2AD9280076C487 /* DataJson */ = {
			isa = PBXGroup;
			children = (
				2256DB8B1F2AD9A90076C487 /* loginJson.json */,
			);
			name = DataJson;
			sourceTree = "<group>";
		};
/* End PBXGroup section */

/* Begin PBXNativeTarget section */
		2256DB661F2AD5C80076C487 /* CrashRun */ = {
			isa = PBXNativeTarget;
			buildConfigurationList = 2256DB7E1F2AD5C80076C487 /* Build configuration list for PBXNativeTarget "CrashRun" */;
			buildPhases = (
				2256DB631F2AD5C80076C487 /* Sources */,
				2256DB641F2AD5C80076C487 /* Frameworks */,
				2256DB651F2AD5C80076C487 /* Resources */,
			);
			buildRules = (
			);
			dependencies = (
			);
			name = CrashRun;
			productName = CrashRun;
			productReference = 2256DB671F2AD5C80076C487 /* CrashRun.app */;
			productType = "com.apple.product-type.application";
		};
/* End PBXNativeTarget section */

/* Begin PBXProject section */
		2256DB5F1F2AD5C80076C487 /* Project object */ = {
			isa = PBXProject;
			attributes = {
				LastUpgradeCheck = 0820;
				ORGANIZATIONNAME = admin;
				TargetAttributes = {
					2256DB661F2AD5C80076C487 = {
						CreatedOnToolsVersion = 8.2;
						ProvisioningStyle = Automatic;
					};
				};
			};
			buildConfigurationList = 2256DB621F2AD5C80076C487 /* Build configuration list for PBXProject "CrashRun" */;
			compatibilityVersion = "Xcode 3.2";
			developmentRegion = English;
			hasScannedForEncodings = 0;
			knownRegions = (
				en,
				Base,
			);
			mainGroup = 2256DB5E1F2AD5C80076C487;
			productRefGroup = 2256DB681F2AD5C80076C487 /* Products */;
			projectDirPath = "";
			projectRoot = "";
			targets = (
				2256DB661F2AD5C80076C487 /* CrashRun */,
			);
		};
/* End PBXProject section */

/* Begin PBXResourcesBuildPhase section */
		2256DB651F2AD5C80076C487 /* Resources */ = {
			isa = PBXResourcesBuildPhase;
			buildActionMask = 2147483647;
			files = (
				2256DB7A1F2AD5C80076C487 /* LaunchScreen.storyboard in Resources */,
				2256DB8C1F2AD9A90076C487 /* loginJson.json in Resources */,
				2256DB771F2AD5C80076C487 /* Assets.xcassets in Resources */,
				2256DB751F2AD5C80076C487 /* Main.storyboard in Resources */,
			);
			runOnlyForDeploymentPostprocessing = 0;
		};
/* End PBXResourcesBuildPhase section */

/* Begin PBXSourcesBuildPhase section */
		2256DB631F2AD5C80076C487 /* Sources */ = {
			isa = PBXSourcesBuildPhase;
			buildActionMask = 2147483647;
			files = (
				2256DB8F1F2B110C0076C487 /* NSDictionary+Exception.m in Sources */,
				2256DB921F2B11160076C487 /* NSArray+Exception.m in Sources */,
				2256DB721F2AD5C80076C487 /* ViewController.m in Sources */,
				2256DB891F2AD6B70076C487 /* UncaughtExceptionHandler.m in Sources */,
				2256DB981F2B12F40076C487 /* NSArray+CrashHelper.m in Sources */,
				2256DB6F1F2AD5C80076C487 /* AppDelegate.m in Sources */,
				2256DB6C1F2AD5C80076C487 /* main.m in Sources */,
				2256DB831F2AD6580076C487 /* MainViewController.m in Sources */,
			);
			runOnlyForDeploymentPostprocessing = 0;
		};
/* End PBXSourcesBuildPhase section */

/* Begin PBXVariantGroup section */
		2256DB731F2AD5C80076C487 /* Main.storyboard */ = {
			isa = PBXVariantGroup;
			children = (
				2256DB741F2AD5C80076C487 /* Base */,
			);
			name = Main.storyboard;
			sourceTree = "<group>";
		};
		2256DB781F2AD5C80076C487 /* LaunchScreen.storyboard */ = {
			isa = PBXVariantGroup;
			children = (
				2256DB791F2AD5C80076C487 /* Base */,
			);
			name = LaunchScreen.storyboard;
			sourceTree = "<group>";
		};
/* End PBXVariantGroup section */

/* Begin XCBuildConfiguration section */
		2256DB7C1F2AD5C80076C487 /* Debug */ = {
			isa = XCBuildConfiguration;
			buildSettings = {
				ALWAYS_SEARCH_USER_PATHS = NO;
				CLANG_ANALYZER_NONNULL = YES;
				CLANG_CXX_LANGUAGE_STANDARD = "gnu++0x";
				CLANG_CXX_LIBRARY = "libc++";
				CLANG_ENABLE_MODULES = YES;
				CLANG_ENABLE_OBJC_ARC = YES;
				CLANG_WARN_BOOL_CONVERSION = YES;
				CLANG_WARN_CONSTANT_CONVERSION = YES;
				CLANG_WARN_DIRECT_OBJC_ISA_USAGE = YES_ERROR;
				CLANG_WARN_DOCUMENTATION_COMMENTS = YES;
				CLANG_WARN_EMPTY_BODY = YES;
				CLANG_WARN_ENUM_CONVERSION = YES;
				CLANG_WARN_INFINITE_RECURSION = YES;
				CLANG_WARN_INT_CONVERSION = YES;
				CLANG_WARN_OBJC_ROOT_CLASS = YES_ERROR;
				CLANG_WARN_SUSPICIOUS_MOVE = YES;
				CLANG_WARN_UNREACHABLE_CODE = YES;
				CLANG_WARN__DUPLICATE_METHOD_MATCH = YES;
				"CODE_SIGN_IDENTITY[sdk=iphoneos*]" = "iPhone Developer";
				COPY_PHASE_STRIP = NO;
				DEBUG_INFORMATION_FORMAT = dwarf;
				ENABLE_STRICT_OBJC_MSGSEND = YES;
				ENABLE_TESTABILITY = YES;
				GCC_C_LANGUAGE_STANDARD = gnu99;
				GCC_DYNAMIC_NO_PIC = NO;
				GCC_NO_COMMON_BLOCKS = YES;
				GCC_OPTIMIZATION_LEVEL = 0;
				GCC_PREPROCESSOR_DEFINITIONS = (
					"DEBUG=1",
					"$(inherited)",
				);
				GCC_WARN_64_TO_32_BIT_CONVERSION = YES;
				GCC_WARN_ABOUT_RETURN_TYPE = YES_ERROR;
				GCC_WARN_UNDECLARED_SELECTOR = YES;
				GCC_WARN_UNINITIALIZED_AUTOS = YES_AGGRESSIVE;
				GCC_WARN_UNUSED_FUNCTION = YES;
				GCC_WARN_UNUSED_VARIABLE = YES;
				IPHONEOS_DEPLOYMENT_TARGET = 10.2;
				MTL_ENABLE_DEBUG_INFO = YES;
				ONLY_ACTIVE_ARCH = YES;
				SDKROOT = iphoneos;
			};
			name = Debug;
		};
		2256DB7D1F2AD5C80076C487 /* Release */ = {
			isa = XCBuildConfiguration;
			buildSettings = {
				ALWAYS_SEARCH_USER_PATHS = NO;
				CLANG_ANALYZER_NONNULL = YES;
				CLANG_CXX_LANGUAGE_STANDARD = "gnu++0x";
				CLANG_CXX_LIBRARY = "libc++";
				CLANG_ENABLE_MODULES = YES;
				CLANG_ENABLE_OBJC_ARC = YES;
				CLANG_WARN_BOOL_CONVERSION = YES;
				CLANG_WARN_CONSTANT_CONVERSION = YES;
				CLANG_WARN_DIRECT_OBJC_ISA_USAGE = YES_ERROR;
				CLANG_WARN_DOCUMENTATION_COMMENTS = YES;
				CLANG_WARN_EMPTY_BODY = YES;
				CLANG_WARN_ENUM_CONVERSION = YES;
				CLANG_WARN_INFINITE_RECURSION = YES;
				CLANG_WARN_INT_CONVERSION = YES;
				CLANG_WARN_OBJC_ROOT_CLASS = YES_ERROR;
				CLANG_WARN_SUSPICIOUS_MOVE = YES;
				CLANG_WARN_UNREACHABLE_CODE = YES;
				CLANG_WARN__DUPLICATE_METHOD_MATCH = YES;
				"CODE_SIGN_IDENTITY[sdk=iphoneos*]" = "iPhone Developer";
				COPY_PHASE_STRIP = NO;
				DEBUG_INFORMATION_FORMAT = "dwarf-with-dsym";
				ENABLE_NS_ASSERTIONS = NO;
				ENABLE_STRICT_OBJC_MSGSEND = YES;
				GCC_C_LANGUAGE_STANDARD = gnu99;
				GCC_NO_COMMON_BLOCKS = YES;
				GCC_WARN_64_TO_32_BIT_CONVERSION = YES;
				GCC_WARN_ABOUT_RETURN_TYPE = YES_ERROR;
				GCC_WARN_UNDECLARED_SELECTOR = YES;
				GCC_WARN_UNINITIALIZED_AUTOS = YES_AGGRESSIVE;
				GCC_WARN_UNUSED_FUNCTION = YES;
				GCC_WARN_UNUSED_VARIABLE = YES;
				IPHONEOS_DEPLOYMENT_TARGET = 10.2;
				MTL_ENABLE_DEBUG_INFO = NO;
				SDKROOT = iphoneos;
				VALIDATE_PRODUCT = YES;
			};
			name = Release;
		};
		2256DB7F1F2AD5C80076C487 /* Debug */ = {
			isa = XCBuildConfiguration;
			buildSettings = {
				ASSETCATALOG_COMPILER_APPICON_NAME = AppIcon;
				INFOPLIST_FILE = CrashRun/Info.plist;
				LD_RUNPATH_SEARCH_PATHS = "$(inherited) @executable_path/Frameworks";
				PRODUCT_BUNDLE_IDENTIFIER = com.zzg.CrashRun;
				PRODUCT_NAME = "$(TARGET_NAME)";
			};
			name = Debug;
		};
		2256DB801F2AD5C80076C487 /* Release */ = {
			isa = XCBuildConfiguration;
			buildSettings = {
				ASSETCATALOG_COMPILER_APPICON_NAME = AppIcon;
				INFOPLIST_FILE = CrashRun/Info.plist;
				LD_RUNPATH_SEARCH_PATHS = "$(inherited) @executable_path/Frameworks";
				PRODUCT_BUNDLE_IDENTIFIER = com.zzg.CrashRun;
				PRODUCT_NAME = "$(TARGET_NAME)";
			};
			name = Release;
		};
/* End XCBuildConfiguration section */

/* Begin XCConfigurationList section */
		2256DB621F2AD5C80076C487 /* Build configuration list for PBXProject "CrashRun" */ = {
			isa = XCConfigurationList;
			buildConfigurations = (
				2256DB7C1F2AD5C80076C487 /* Debug */,
				2256DB7D1F2AD5C80076C487 /* Release */,
			);
			defaultConfigurationIsVisible = 0;
			defaultConfigurationName = Release;
		};
		2256DB7E1F2AD5C80076C487 /* Build configuration list for PBXNativeTarget "CrashRun" */ = {
			isa = XCConfigurationList;
			buildConfigurations = (
				2256DB7F1F2AD5C80076C487 /* Debug */,
				2256DB801F2AD5C80076C487 /* Release */,
			);
			defaultConfigurationIsVisible = 0;
			defaultConfigurationName = Release;
		};
/* End XCConfigurationList section */
	};
	rootObject = 2256DB5F1F2AD5C80076C487 /* Project object */;
}
